
Microsoft Visual Studio Solution File, Format Version 12.00
# Visual Studio Version 17
VisualStudioVersion = 17.0.31606.5
MinimumVisualStudioVersion = 10.0.40219.1
Project("{9A19103F-16F7-4668-BE54-9A1E7A4F7556}") = "WinUIEx", "WinUIEx\WinUIEx.csproj", "{484F19F7-0843-4987-8DCB-31DB8AAC8B58}"
EndProject
Project("{2150E333-8FDC-42A3-9474-1A3956D46DE8}") = "Sample", "Sample", "{D1DA471E-DDC4-4E38-90DE-176962DC066C}"
EndProject
Project("{C7167F0D-BC9F-4E6E-AFE1-012C56B48DB5}") = "WinUIExSample (Package)", "WinUIExSample (Package)\WinUIExSample (Package).wapproj", "{20CE4C09-69CC-473F-8B59-48B76AC78CA8}"
EndProject
Project("{9A19103F-16F7-4668-BE54-9A1E7A4F7556}") = "WinUIExSample", "WinUIExSample\WinUIExSample.csproj", "{739260A2-39B2-40B3-BF4A-6CC567E989EB}"
EndProject
Project("{2150E333-8FDC-42A3-9474-1A3956D46DE8}") = "WinUIEx.Testing", "WinUIEx.Testing", "{0D392A26-AB51-40A9-9318-2B2EC0927EC2}"
EndProject
Project("{9A19103F-16F7-4668-BE54-9A1E7A4F7556}") = "WinUIEx.Testing", "WinUIEx.Testing\WinUIEx.Testing.csproj", "{A4F9BEC5-81FA-47DE-999E-76026BB9C895}"
	ProjectSection(ProjectDependencies) = postProject
		{9BC7BD02-5D24-450D-88E3-132DF423EC4F} = {9BC7BD02-5D24-450D-88E3-132DF423EC4F}
	EndProjectSection
EndProject
Project("{9A19103F-16F7-4668-BE54-9A1E7A4F7556}") = "WinUIEx.Testing.CodeGenerator", "WinUIEx.Testing.CodeGenerator\WinUIEx.Testing.CodeGenerator.csproj", "{9BC7BD02-5D24-450D-88E3-132DF423EC4F}"
EndProject
Project("{2150E333-8FDC-42A3-9474-1A3956D46DE8}") = "Tests", "Tests", "{B0FA3586-7119-4106-A18C-79144EC494EB}"
EndProject
Project("{9A19103F-16F7-4668-BE54-9A1E7A4F7556}") = "WinUIUnitTests", "WinUIUnitTests\WinUIUnitTests.csproj", "{26EE4538-8C30-43CB-BE6A-BEF8C1CF7847}"
EndProject
Global
	GlobalSection(SolutionConfigurationPlatforms) = preSolution
		Debug|Any CPU = Debug|Any CPU
		Debug|arm64 = Debug|arm64
		Debug|x64 = Debug|x64
		Debug|x86 = Debug|x86
		Experimental|Any CPU = Experimental|Any CPU
		Experimental|arm64 = Experimental|arm64
		Experimental|x64 = Experimental|x64
		Experimental|x86 = Experimental|x86
		Release|Any CPU = Release|Any CPU
		Release|arm64 = Release|arm64
		Release|x64 = Release|x64
		Release|x86 = Release|x86
	EndGlobalSection
	GlobalSection(ProjectConfigurationPlatforms) = postSolution
		{484F19F7-0843-4987-8DCB-31DB8AAC8B58}.Debug|Any CPU.ActiveCfg = Debug|Any CPU
		{484F19F7-0843-4987-8DCB-31DB8AAC8B58}.Debug|Any CPU.Build.0 = Debug|Any CPU
		{484F19F7-0843-4987-8DCB-31DB8AAC8B58}.Debug|arm64.ActiveCfg = Debug|Any CPU
		{484F19F7-0843-4987-8DCB-31DB8AAC8B58}.Debug|arm64.Build.0 = Debug|Any CPU
		{484F19F7-0843-4987-8DCB-31DB8AAC8B58}.Debug|x64.ActiveCfg = Debug|Any CPU
		{484F19F7-0843-4987-8DCB-31DB8AAC8B58}.Debug|x64.Build.0 = Debug|Any CPU
		{484F19F7-0843-4987-8DCB-31DB8AAC8B58}.Debug|x86.ActiveCfg = Debug|Any CPU
		{484F19F7-0843-4987-8DCB-31DB8AAC8B58}.Debug|x86.Build.0 = Debug|Any CPU
		{484F19F7-0843-4987-8DCB-31DB8AAC8B58}.Experimental|Any CPU.ActiveCfg = Experimental|Any CPU
		{484F19F7-0843-4987-8DCB-31DB8AAC8B58}.Experimental|Any CPU.Build.0 = Experimental|Any CPU
		{484F19F7-0843-4987-8DCB-31DB8AAC8B58}.Experimental|arm64.ActiveCfg = Experimental|Any CPU
		{484F19F7-0843-4987-8DCB-31DB8AAC8B58}.Experimental|arm64.Build.0 = Experimental|Any CPU
		{484F19F7-0843-4987-8DCB-31DB8AAC8B58}.Experimental|x64.ActiveCfg = Experimental|Any CPU
		{484F19F7-0843-4987-8DCB-31DB8AAC8B58}.Experimental|x64.Build.0 = Experimental|Any CPU
		{484F19F7-0843-4987-8DCB-31DB8AAC8B58}.Experimental|x86.ActiveCfg = Experimental|Any CPU
		{484F19F7-0843-4987-8DCB-31DB8AAC8B58}.Experimental|x86.Build.0 = Experimental|Any CPU
		{484F19F7-0843-4987-8DCB-31DB8AAC8B58}.Release|Any CPU.ActiveCfg = Release|Any CPU
		{484F19F7-0843-4987-8DCB-31DB8AAC8B58}.Release|Any CPU.Build.0 = Release|Any CPU
		{484F19F7-0843-4987-8DCB-31DB8AAC8B58}.Release|arm64.ActiveCfg = Release|Any CPU
		{484F19F7-0843-4987-8DCB-31DB8AAC8B58}.Release|arm64.Build.0 = Release|Any CPU
		{484F19F7-0843-4987-8DCB-31DB8AAC8B58}.Release|x64.ActiveCfg = Release|Any CPU
		{484F19F7-0843-4987-8DCB-31DB8AAC8B58}.Release|x64.Build.0 = Release|Any CPU
		{484F19F7-0843-4987-8DCB-31DB8AAC8B58}.Release|x86.ActiveCfg = Release|Any CPU
		{484F19F7-0843-4987-8DCB-31DB8AAC8B58}.Release|x86.Build.0 = Release|Any CPU
		{20CE4C09-69CC-473F-8B59-48B76AC78CA8}.Debug|Any CPU.ActiveCfg = Debug|x86
		{20CE4C09-69CC-473F-8B59-48B76AC78CA8}.Debug|Any CPU.Build.0 = Debug|x86
		{20CE4C09-69CC-473F-8B59-48B76AC78CA8}.Debug|Any CPU.Deploy.0 = Debug|x86
		{20CE4C09-69CC-473F-8B59-48B76AC78CA8}.Debug|arm64.ActiveCfg = Debug|arm64
		{20CE4C09-69CC-473F-8B59-48B76AC78CA8}.Debug|arm64.Build.0 = Debug|arm64
		{20CE4C09-69CC-473F-8B59-48B76AC78CA8}.Debug|arm64.Deploy.0 = Debug|arm64
		{20CE4C09-69CC-473F-8B59-48B76AC78CA8}.Debug|x64.ActiveCfg = Debug|x64
		{20CE4C09-69CC-473F-8B59-48B76AC78CA8}.Debug|x64.Build.0 = Debug|x64
		{20CE4C09-69CC-473F-8B59-48B76AC78CA8}.Debug|x64.Deploy.0 = Debug|x64
		{20CE4C09-69CC-473F-8B59-48B76AC78CA8}.Debug|x86.ActiveCfg = Debug|x86
		{20CE4C09-69CC-473F-8B59-48B76AC78CA8}.Debug|x86.Build.0 = Debug|x86
		{20CE4C09-69CC-473F-8B59-48B76AC78CA8}.Debug|x86.Deploy.0 = Debug|x86
		{20CE4C09-69CC-473F-8B59-48B76AC78CA8}.Experimental|Any CPU.ActiveCfg = Experimental|x86
		{20CE4C09-69CC-473F-8B59-48B76AC78CA8}.Experimental|Any CPU.Build.0 = Experimental|x86
		{20CE4C09-69CC-473F-8B59-48B76AC78CA8}.Experimental|Any CPU.Deploy.0 = Experimental|x86
		{20CE4C09-69CC-473F-8B59-48B76AC78CA8}.Experimental|arm64.ActiveCfg = Experimental|arm64
		{20CE4C09-69CC-473F-8B59-48B76AC78CA8}.Experimental|arm64.Build.0 = Experimental|arm64
		{20CE4C09-69CC-473F-8B59-48B76AC78CA8}.Experimental|arm64.Deploy.0 = Experimental|arm64
		{20CE4C09-69CC-473F-8B59-48B76AC78CA8}.Experimental|x64.ActiveCfg = Experimental|x64
		{20CE4C09-69CC-473F-8B59-48B76AC78CA8}.Experimental|x64.Build.0 = Experimental|x64
		{20CE4C09-69CC-473F-8B59-48B76AC78CA8}.Experimental|x64.Deploy.0 = Experimental|x64
		{20CE4C09-69CC-473F-8B59-48B76AC78CA8}.Experimental|x86.ActiveCfg = Experimental|x86
		{20CE4C09-69CC-473F-8B59-48B76AC78CA8}.Experimental|x86.Build.0 = Experimental|x86
		{20CE4C09-69CC-473F-8B59-48B76AC78CA8}.Experimental|x86.Deploy.0 = Experimental|x86
		{20CE4C09-69CC-473F-8B59-48B76AC78CA8}.Release|Any CPU.ActiveCfg = Release|x86
		{20CE4C09-69CC-473F-8B59-48B76AC78CA8}.Release|arm64.ActiveCfg = Release|arm64
		{20CE4C09-69CC-473F-8B59-48B76AC78CA8}.Release|arm64.Build.0 = Release|arm64
		{20CE4C09-69CC-473F-8B59-48B76AC78CA8}.Release|arm64.Deploy.0 = Release|arm64
		{20CE4C09-69CC-473F-8B59-48B76AC78CA8}.Release|x64.ActiveCfg = Release|x64
		{20CE4C09-69CC-473F-8B59-48B76AC78CA8}.Release|x64.Build.0 = Release|x64
		{20CE4C09-69CC-473F-8B59-48B76AC78CA8}.Release|x64.Deploy.0 = Release|x64
		{20CE4C09-69CC-473F-8B59-48B76AC78CA8}.Release|x86.ActiveCfg = Release|x86
		{20CE4C09-69CC-473F-8B59-48B76AC78CA8}.Release|x86.Build.0 = Release|x86
		{20CE4C09-69CC-473F-8B59-48B76AC78CA8}.Release|x86.Deploy.0 = Release|x86
		{739260A2-39B2-40B3-BF4A-6CC567E989EB}.Debug|Any CPU.ActiveCfg = Debug|x86
		{739260A2-39B2-40B3-BF4A-6CC567E989EB}.Debug|Any CPU.Build.0 = Debug|x86
		{739260A2-39B2-40B3-BF4A-6CC567E989EB}.Debug|arm64.ActiveCfg = Debug|arm64
		{739260A2-39B2-40B3-BF4A-6CC567E989EB}.Debug|arm64.Build.0 = Debug|arm64
		{739260A2-39B2-40B3-BF4A-6CC567E989EB}.Debug|x64.ActiveCfg = Debug|x64
		{739260A2-39B2-40B3-BF4A-6CC567E989EB}.Debug|x64.Build.0 = Debug|x64
		{739260A2-39B2-40B3-BF4A-6CC567E989EB}.Debug|x86.ActiveCfg = Debug|x86
		{739260A2-39B2-40B3-BF4A-6CC567E989EB}.Debug|x86.Build.0 = Debug|x86
		{739260A2-39B2-40B3-BF4A-6CC567E989EB}.Experimental|Any CPU.ActiveCfg = Experimental|x86
		{739260A2-39B2-40B3-BF4A-6CC567E989EB}.Experimental|Any CPU.Build.0 = Experimental|x86
		{739260A2-39B2-40B3-BF4A-6CC567E989EB}.Experimental|arm64.ActiveCfg = Experimental|arm64
		{739260A2-39B2-40B3-BF4A-6CC567E989EB}.Experimental|arm64.Build.0 = Experimental|arm64
		{739260A2-39B2-40B3-BF4A-6CC567E989EB}.Experimental|x64.ActiveCfg = Experimental|x64
		{739260A2-39B2-40B3-BF4A-6CC567E989EB}.Experimental|x64.Build.0 = Experimental|x64
		{739260A2-39B2-40B3-BF4A-6CC567E989EB}.Experimental|x86.ActiveCfg = Experimental|x86
		{739260A2-39B2-40B3-BF4A-6CC567E989EB}.Experimental|x86.Build.0 = Experimental|x86
		{739260A2-39B2-40B3-BF4A-6CC567E989EB}.Release|Any CPU.ActiveCfg = Release|x86
		{739260A2-39B2-40B3-BF4A-6CC567E989EB}.Release|arm64.ActiveCfg = Release|arm64
		{739260A2-39B2-40B3-BF4A-6CC567E989EB}.Release|arm64.Build.0 = Release|arm64
		{739260A2-39B2-40B3-BF4A-6CC567E989EB}.Release|x64.ActiveCfg = Release|x64
		{739260A2-39B2-40B3-BF4A-6CC567E989EB}.Release|x64.Build.0 = Release|x64
		{739260A2-39B2-40B3-BF4A-6CC567E989EB}.Release|x86.ActiveCfg = Release|x86
		{739260A2-39B2-40B3-BF4A-6CC567E989EB}.Release|x86.Build.0 = Release|x86
		{A4F9BEC5-81FA-47DE-999E-76026BB9C895}.Debug|Any CPU.ActiveCfg = Debug|Any CPU
		{A4F9BEC5-81FA-47DE-999E-76026BB9C895}.Debug|Any CPU.Build.0 = Debug|Any CPU
		{A4F9BEC5-81FA-47DE-999E-76026BB9C895}.Debug|arm64.ActiveCfg = Debug|Any CPU
		{A4F9BEC5-81FA-47DE-999E-76026BB9C895}.Debug|arm64.Build.0 = Debug|Any CPU
		{A4F9BEC5-81FA-47DE-999E-76026BB9C895}.Debug|x64.ActiveCfg = Debug|Any CPU
		{A4F9BEC5-81FA-47DE-999E-76026BB9C895}.Debug|x64.Build.0 = Debug|Any CPU
		{A4F9BEC5-81FA-47DE-999E-76026BB9C895}.Debug|x86.ActiveCfg = Debug|Any CPU
		{A4F9BEC5-81FA-47DE-999E-76026BB9C895}.Debug|x86.Build.0 = Debug|Any CPU
		{A4F9BEC5-81FA-47DE-999E-76026BB9C895}.Experimental|Any CPU.ActiveCfg = Debug|Any CPU
		{A4F9BEC5-81FA-47DE-999E-76026BB9C895}.Experimental|Any CPU.Build.0 = Debug|Any CPU
		{A4F9BEC5-81FA-47DE-999E-76026BB9C895}.Experimental|arm64.ActiveCfg = Debug|Any CPU
		{A4F9BEC5-81FA-47DE-999E-76026BB9C895}.Experimental|arm64.Build.0 = Debug|Any CPU
		{A4F9BEC5-81FA-47DE-999E-76026BB9C895}.Experimental|x64.ActiveCfg = Debug|Any CPU
		{A4F9BEC5-81FA-47DE-999E-76026BB9C895}.Experimental|x64.Build.0 = Debug|Any CPU
		{A4F9BEC5-81FA-47DE-999E-76026BB9C895}.Experimental|x86.ActiveCfg = Debug|Any CPU
		{A4F9BEC5-81FA-47DE-999E-76026BB9C895}.Experimental|x86.Build.0 = Debug|Any CPU
		{A4F9BEC5-81FA-47DE-999E-76026BB9C895}.Release|Any CPU.ActiveCfg = Release|Any CPU
		{A4F9BEC5-81FA-47DE-999E-76026BB9C895}.Release|Any CPU.Build.0 = Release|Any CPU
		{A4F9BEC5-81FA-47DE-999E-76026BB9C895}.Release|arm64.ActiveCfg = Release|Any CPU
		{A4F9BEC5-81FA-47DE-999E-76026BB9C895}.Release|arm64.Build.0 = Release|Any CPU
		{A4F9BEC5-81FA-47DE-999E-76026BB9C895}.Release|x64.ActiveCfg = Release|Any CPU
		{A4F9BEC5-81FA-47DE-999E-76026BB9C895}.Release|x64.Build.0 = Release|Any CPU
		{A4F9BEC5-81FA-47DE-999E-76026BB9C895}.Release|x86.ActiveCfg = Release|Any CPU
		{A4F9BEC5-81FA-47DE-999E-76026BB9C895}.Release|x86.Build.0 = Release|Any CPU
		{9BC7BD02-5D24-450D-88E3-132DF423EC4F}.Debug|Any CPU.ActiveCfg = Debug|Any CPU
		{9BC7BD02-5D24-450D-88E3-132DF423EC4F}.Debug|Any CPU.Build.0 = Debug|Any CPU
		{9BC7BD02-5D24-450D-88E3-132DF423EC4F}.Debug|arm64.ActiveCfg = Debug|Any CPU
		{9BC7BD02-5D24-450D-88E3-132DF423EC4F}.Debug|arm64.Build.0 = Debug|Any CPU
		{9BC7BD02-5D24-450D-88E3-132DF423EC4F}.Debug|x64.ActiveCfg = Debug|Any CPU
		{9BC7BD02-5D24-450D-88E3-132DF423EC4F}.Debug|x64.Build.0 = Debug|Any CPU
		{9BC7BD02-5D24-450D-88E3-132DF423EC4F}.Debug|x86.ActiveCfg = Debug|Any CPU
		{9BC7BD02-5D24-450D-88E3-132DF423EC4F}.Debug|x86.Build.0 = Debug|Any CPU
		{9BC7BD02-5D24-450D-88E3-132DF423EC4F}.Experimental|Any CPU.ActiveCfg = Debug|Any CPU
		{9BC7BD02-5D24-450D-88E3-132DF423EC4F}.Experimental|Any CPU.Build.0 = Debug|Any CPU
		{9BC7BD02-5D24-450D-88E3-132DF423EC4F}.Experimental|arm64.ActiveCfg = Debug|Any CPU
		{9BC7BD02-5D24-450D-88E3-132DF423EC4F}.Experimental|arm64.Build.0 = Debug|Any CPU
		{9BC7BD02-5D24-450D-88E3-132DF423EC4F}.Experimental|x64.ActiveCfg = Debug|Any CPU
		{9BC7BD02-5D24-450D-88E3-132DF423EC4F}.Experimental|x64.Build.0 = Debug|Any CPU
		{9BC7BD02-5D24-450D-88E3-132DF423EC4F}.Experimental|x86.ActiveCfg = Debug|Any CPU
		{9BC7BD02-5D24-450D-88E3-132DF423EC4F}.Experimental|x86.Build.0 = Debug|Any CPU
		{9BC7BD02-5D24-450D-88E3-132DF423EC4F}.Release|Any CPU.ActiveCfg = Release|Any CPU
		{9BC7BD02-5D24-450D-88E3-132DF423EC4F}.Release|Any CPU.Build.0 = Release|Any CPU
		{9BC7BD02-5D24-450D-88E3-132DF423EC4F}.Release|arm64.ActiveCfg = Release|Any CPU
		{9BC7BD02-5D24-450D-88E3-132DF423EC4F}.Release|arm64.Build.0 = Release|Any CPU
		{9BC7BD02-5D24-450D-88E3-132DF423EC4F}.Release|x64.ActiveCfg = Release|Any CPU
		{9BC7BD02-5D24-450D-88E3-132DF423EC4F}.Release|x64.Build.0 = Release|Any CPU
		{9BC7BD02-5D24-450D-88E3-132DF423EC4F}.Release|x86.ActiveCfg = Release|Any CPU
		{9BC7BD02-5D24-450D-88E3-132DF423EC4F}.Release|x86.Build.0 = Release|Any CPU
		{26EE4538-8C30-43CB-BE6A-BEF8C1CF7847}.Debug|Any CPU.ActiveCfg = Debug|x64
		{26EE4538-8C30-43CB-BE6A-BEF8C1CF7847}.Debug|Any CPU.Build.0 = Debug|x64
		{26EE4538-8C30-43CB-BE6A-BEF8C1CF7847}.Debug|Any CPU.Deploy.0 = Debug|x64
		{26EE4538-8C30-43CB-BE6A-BEF8C1CF7847}.Debug|arm64.ActiveCfg = Debug|arm64
		{26EE4538-8C30-43CB-BE6A-BEF8C1CF7847}.Debug|arm64.Build.0 = Debug|arm64
		{26EE4538-8C30-43CB-BE6A-BEF8C1CF7847}.Debug|arm64.Deploy.0 = Debug|arm64
		{26EE4538-8C30-43CB-BE6A-BEF8C1CF7847}.Debug|x64.ActiveCfg = Debug|x64
		{26EE4538-8C30-43CB-BE6A-BEF8C1CF7847}.Debug|x64.Build.0 = Debug|x64
		{26EE4538-8C30-43CB-BE6A-BEF8C1CF7847}.Debug|x64.Deploy.0 = Debug|x64
		{26EE4538-8C30-43CB-BE6A-BEF8C1CF7847}.Debug|x86.ActiveCfg = Debug|x86
		{26EE4538-8C30-43CB-BE6A-BEF8C1CF7847}.Debug|x86.Build.0 = Debug|x86
		{26EE4538-8C30-43CB-BE6A-BEF8C1CF7847}.Debug|x86.Deploy.0 = Debug|x86
		{26EE4538-8C30-43CB-BE6A-BEF8C1CF7847}.Experimental|Any CPU.ActiveCfg = Debug|x86
		{26EE4538-8C30-43CB-BE6A-BEF8C1CF7847}.Experimental|Any CPU.Build.0 = Debug|x86
		{26EE4538-8C30-43CB-BE6A-BEF8C1CF7847}.Experimental|Any CPU.Deploy.0 = Debug|x86
		{26EE4538-8C30-43CB-BE6A-BEF8C1CF7847}.Experimental|arm64.ActiveCfg = Debug|arm64
		{26EE4538-8C30-43CB-BE6A-BEF8C1CF7847}.Experimental|arm64.Build.0 = Debug|arm64
		{26EE4538-8C30-43CB-BE6A-BEF8C1CF7847}.Experimental|arm64.Deploy.0 = Debug|arm64
		{26EE4538-8C30-43CB-BE6A-BEF8C1CF7847}.Experimental|x64.ActiveCfg = Debug|x64
		{26EE4538-8C30-43CB-BE6A-BEF8C1CF7847}.Experimental|x64.Build.0 = Debug|x64
		{26EE4538-8C30-43CB-BE6A-BEF8C1CF7847}.Experimental|x64.Deploy.0 = Debug|x64
		{26EE4538-8C30-43CB-BE6A-BEF8C1CF7847}.Experimental|x86.ActiveCfg = Debug|x86
		{26EE4538-8C30-43CB-BE6A-BEF8C1CF7847}.Experimental|x86.Build.0 = Debug|x86
		{26EE4538-8C30-43CB-BE6A-BEF8C1CF7847}.Experimental|x86.Deploy.0 = Debug|x86
		{26EE4538-8C30-43CB-BE6A-BEF8C1CF7847}.Release|Any CPU.ActiveCfg = Release|x64
		{26EE4538-8C30-43CB-BE6A-BEF8C1CF7847}.Release|Any CPU.Build.0 = Release|x64
		{26EE4538-8C30-43CB-BE6A-BEF8C1CF7847}.Release|Any CPU.Deploy.0 = Release|x64
		{26EE4538-8C30-43CB-BE6A-BEF8C1CF7847}.Release|arm64.ActiveCfg = Release|arm64
		{26EE4538-8C30-43CB-BE6A-BEF8C1CF7847}.Release|arm64.Build.0 = Release|arm64
		{26EE4538-8C30-43CB-BE6A-BEF8C1CF7847}.Release|arm64.Deploy.0 = Release|arm64
		{26EE4538-8C30-43CB-BE6A-BEF8C1CF7847}.Release|x64.ActiveCfg = Release|x64
		{26EE4538-8C30-43CB-BE6A-BEF8C1CF7847}.Release|x64.Build.0 = Release|x64
		{26EE4538-8C30-43CB-BE6A-BEF8C1CF7847}.Release|x64.Deploy.0 = Release|x64
		{26EE4538-8C30-43CB-BE6A-BEF8C1CF7847}.Release|x86.ActiveCfg = Release|x86
		{26EE4538-8C30-43CB-BE6A-BEF8C1CF7847}.Release|x86.Build.0 = Release|x86
		{26EE4538-8C30-43CB-BE6A-BEF8C1CF7847}.Release|x86.Deploy.0 = Release|x86
	EndGlobalSection
	GlobalSection(SolutionProperties) = preSolution
		HideSolutionNode = FALSE
	EndGlobalSection
	GlobalSection(NestedProjects) = preSolution
		{20CE4C09-69CC-473F-8B59-48B76AC78CA8} = {D1DA471E-DDC4-4E38-90DE-176962DC066C}
		{739260A2-39B2-40B3-BF4A-6CC567E989EB} = {D1DA471E-DDC4-4E38-90DE-176962DC066C}
		{A4F9BEC5-81FA-47DE-999E-76026BB9C895} = {0D392A26-AB51-40A9-9318-2B2EC0927EC2}
		{9BC7BD02-5D24-450D-88E3-132DF423EC4F} = {0D392A26-AB51-40A9-9318-2B2EC0927EC2}
		{26EE4538-8C30-43CB-BE6A-BEF8C1CF7847} = {B0FA3586-7119-4106-A18C-79144EC494EB}
	EndGlobalSection
	GlobalSection(ExtensibilityGlobals) = postSolution
		SolutionGuid = {C9C19842-C961-4102-B010-686DFA11972C}
	EndGlobalSection
EndGlobal
