
Microsoft Visual Studio Solution File, Format Version 12.00
# Visual Studio Version 17
VisualStudioVersion = 17.0.31606.5
MinimumVisualStudioVersion = 10.0.40219.1
Project("{9A19103F-16F7-4668-BE54-9A1E7A4F7556}") = "WinUIEx", "WinUIEx\WinUIEx.csproj", "{484F19F7-0843-4987-8DCB-31DB8AAC8B58}"
EndProject
Project("{2150E333-8FDC-42A3-9474-1A3956D46DE8}") = "Sample", "Sample", "{D1DA471E-DDC4-4E38-90DE-176962DC066C}"
EndProject
Project("{C7167F0D-BC9F-4E6E-AFE1-012C56B48DB5}") = "WinUIExSample (Package)", "WinUIExSample (Package)\WinUIExSample (Package).wapproj", "{20CE4C09-69CC-473F-8B59-48B76AC78CA8}"
EndProject
Project("{9A19103F-16F7-4668-BE54-9A1E7A4F7556}") = "WinUIExSample", "WinUIExSample\WinUIExSample.csproj", "{739260A2-39B2-40B3-BF4A-6CC567E989EB}"
EndProject
Project("{2150E333-8FDC-42A3-9474-1A3956D46DE8}") = "TestTools", "TestTools", "{0D392A26-AB51-40A9-9318-2B2EC0927EC2}"
EndProject
Project("{2150E333-8FDC-42A3-9474-1A3956D46DE8}") = "Tests", "Tests", "{B0FA3586-7119-4106-A18C-79144EC494EB}"
EndProject
Project("{2150E333-8FDC-42A3-9474-1A3956D46DE8}") = "MSTest", "MSTest", "{E9F2F0EE-52E6-4B83-8CAE-3984627CC6ED}"
EndProject
Project("{9A19103F-16F7-4668-BE54-9A1E7A4F7556}") = "WinUIEx.TestTools", "TestTools\WinUIEx.TestTools\WinUIEx.TestTools.csproj", "{16174DCA-27F9-4597-BBF2-2C3A00CA3883}"
EndProject
Project("{9A19103F-16F7-4668-BE54-9A1E7A4F7556}") = "WinUIEx.TestTools.MSTest", "TestTools\WinUIEx.TestTools.MSTest\WinUIEx.TestTools.MSTest.csproj", "{70716FB1-47DB-4F8E-84D5-58D76A66E73D}"
	ProjectSection(ProjectDependencies) = postProject
		{B18BB08C-767A-497D-BC2F-8106A5CCCA0D} = {B18BB08C-767A-497D-BC2F-8106A5CCCA0D}
	EndProjectSection
EndProject
Project("{9A19103F-16F7-4668-BE54-9A1E7A4F7556}") = "WinUIEx.TestTools.MSTest.CodeGenerator", "TestTools\WinUIEx.TestTools.MSTest.CodeGenerator\WinUIEx.TestTools.MSTest.CodeGenerator.csproj", "{B18BB08C-767A-497D-BC2F-8106A5CCCA0D}"
EndProject
Project("{9A19103F-16F7-4668-BE54-9A1E7A4F7556}") = "WinUIUnitTests", "TestTools\WinUIUnitTests\WinUIUnitTests.csproj", "{3645FF3A-18F8-4256-8754-72C35CBBB33E}"
EndProject
Global
	GlobalSection(SolutionConfigurationPlatforms) = preSolution
		Debug|Any CPU = Debug|Any CPU
		Debug|arm64 = Debug|arm64
		Debug|x64 = Debug|x64
		Debug|x86 = Debug|x86
		Experimental|Any CPU = Experimental|Any CPU
		Experimental|arm64 = Experimental|arm64
		Experimental|x64 = Experimental|x64
		Experimental|x86 = Experimental|x86
		Release|Any CPU = Release|Any CPU
		Release|arm64 = Release|arm64
		Release|x64 = Release|x64
		Release|x86 = Release|x86
	EndGlobalSection
	GlobalSection(ProjectConfigurationPlatforms) = postSolution
		{484F19F7-0843-4987-8DCB-31DB8AAC8B58}.Debug|Any CPU.ActiveCfg = Debug|Any CPU
		{484F19F7-0843-4987-8DCB-31DB8AAC8B58}.Debug|Any CPU.Build.0 = Debug|Any CPU
		{484F19F7-0843-4987-8DCB-31DB8AAC8B58}.Debug|arm64.ActiveCfg = Debug|Any CPU
		{484F19F7-0843-4987-8DCB-31DB8AAC8B58}.Debug|arm64.Build.0 = Debug|Any CPU
		{484F19F7-0843-4987-8DCB-31DB8AAC8B58}.Debug|x64.ActiveCfg = Debug|Any CPU
		{484F19F7-0843-4987-8DCB-31DB8AAC8B58}.Debug|x64.Build.0 = Debug|Any CPU
		{484F19F7-0843-4987-8DCB-31DB8AAC8B58}.Debug|x86.ActiveCfg = Debug|Any CPU
		{484F19F7-0843-4987-8DCB-31DB8AAC8B58}.Debug|x86.Build.0 = Debug|Any CPU
		{484F19F7-0843-4987-8DCB-31DB8AAC8B58}.Experimental|Any CPU.ActiveCfg = Experimental|Any CPU
		{484F19F7-0843-4987-8DCB-31DB8AAC8B58}.Experimental|Any CPU.Build.0 = Experimental|Any CPU
		{484F19F7-0843-4987-8DCB-31DB8AAC8B58}.Experimental|arm64.ActiveCfg = Experimental|Any CPU
		{484F19F7-0843-4987-8DCB-31DB8AAC8B58}.Experimental|arm64.Build.0 = Experimental|Any CPU
		{484F19F7-0843-4987-8DCB-31DB8AAC8B58}.Experimental|x64.ActiveCfg = Experimental|Any CPU
		{484F19F7-0843-4987-8DCB-31DB8AAC8B58}.Experimental|x64.Build.0 = Experimental|Any CPU
		{484F19F7-0843-4987-8DCB-31DB8AAC8B58}.Experimental|x86.ActiveCfg = Experimental|Any CPU
		{484F19F7-0843-4987-8DCB-31DB8AAC8B58}.Experimental|x86.Build.0 = Experimental|Any CPU
		{484F19F7-0843-4987-8DCB-31DB8AAC8B58}.Release|Any CPU.ActiveCfg = Release|Any CPU
		{484F19F7-0843-4987-8DCB-31DB8AAC8B58}.Release|Any CPU.Build.0 = Release|Any CPU
		{484F19F7-0843-4987-8DCB-31DB8AAC8B58}.Release|arm64.ActiveCfg = Release|Any CPU
		{484F19F7-0843-4987-8DCB-31DB8AAC8B58}.Release|arm64.Build.0 = Release|Any CPU
		{484F19F7-0843-4987-8DCB-31DB8AAC8B58}.Release|x64.ActiveCfg = Release|Any CPU
		{484F19F7-0843-4987-8DCB-31DB8AAC8B58}.Release|x64.Build.0 = Release|Any CPU
		{484F19F7-0843-4987-8DCB-31DB8AAC8B58}.Release|x86.ActiveCfg = Release|Any CPU
		{484F19F7-0843-4987-8DCB-31DB8AAC8B58}.Release|x86.Build.0 = Release|Any CPU
		{20CE4C09-69CC-473F-8B59-48B76AC78CA8}.Debug|Any CPU.ActiveCfg = Debug|x86
		{20CE4C09-69CC-473F-8B59-48B76AC78CA8}.Debug|Any CPU.Build.0 = Debug|x86
		{20CE4C09-69CC-473F-8B59-48B76AC78CA8}.Debug|Any CPU.Deploy.0 = Debug|x86
		{20CE4C09-69CC-473F-8B59-48B76AC78CA8}.Debug|arm64.ActiveCfg = Debug|arm64
		{20CE4C09-69CC-473F-8B59-48B76AC78CA8}.Debug|arm64.Build.0 = Debug|arm64
		{20CE4C09-69CC-473F-8B59-48B76AC78CA8}.Debug|arm64.Deploy.0 = Debug|arm64
		{20CE4C09-69CC-473F-8B59-48B76AC78CA8}.Debug|x64.ActiveCfg = Debug|x64
		{20CE4C09-69CC-473F-8B59-48B76AC78CA8}.Debug|x64.Build.0 = Debug|x64
		{20CE4C09-69CC-473F-8B59-48B76AC78CA8}.Debug|x64.Deploy.0 = Debug|x64
		{20CE4C09-69CC-473F-8B59-48B76AC78CA8}.Debug|x86.ActiveCfg = Debug|x86
		{20CE4C09-69CC-473F-8B59-48B76AC78CA8}.Debug|x86.Build.0 = Debug|x86
		{20CE4C09-69CC-473F-8B59-48B76AC78CA8}.Debug|x86.Deploy.0 = Debug|x86
		{20CE4C09-69CC-473F-8B59-48B76AC78CA8}.Experimental|Any CPU.ActiveCfg = Experimental|x86
		{20CE4C09-69CC-473F-8B59-48B76AC78CA8}.Experimental|Any CPU.Build.0 = Experimental|x86
		{20CE4C09-69CC-473F-8B59-48B76AC78CA8}.Experimental|Any CPU.Deploy.0 = Experimental|x86
		{20CE4C09-69CC-473F-8B59-48B76AC78CA8}.Experimental|arm64.ActiveCfg = Experimental|arm64
		{20CE4C09-69CC-473F-8B59-48B76AC78CA8}.Experimental|arm64.Build.0 = Experimental|arm64
		{20CE4C09-69CC-473F-8B59-48B76AC78CA8}.Experimental|arm64.Deploy.0 = Experimental|arm64
		{20CE4C09-69CC-473F-8B59-48B76AC78CA8}.Experimental|x64.ActiveCfg = Experimental|x64
		{20CE4C09-69CC-473F-8B59-48B76AC78CA8}.Experimental|x64.Build.0 = Experimental|x64
		{20CE4C09-69CC-473F-8B59-48B76AC78CA8}.Experimental|x64.Deploy.0 = Experimental|x64
		{20CE4C09-69CC-473F-8B59-48B76AC78CA8}.Experimental|x86.ActiveCfg = Experimental|x86
		{20CE4C09-69CC-473F-8B59-48B76AC78CA8}.Experimental|x86.Build.0 = Experimental|x86
		{20CE4C09-69CC-473F-8B59-48B76AC78CA8}.Experimental|x86.Deploy.0 = Experimental|x86
		{20CE4C09-69CC-473F-8B59-48B76AC78CA8}.Release|Any CPU.ActiveCfg = Release|x86
		{20CE4C09-69CC-473F-8B59-48B76AC78CA8}.Release|arm64.ActiveCfg = Release|arm64
		{20CE4C09-69CC-473F-8B59-48B76AC78CA8}.Release|arm64.Build.0 = Release|arm64
		{20CE4C09-69CC-473F-8B59-48B76AC78CA8}.Release|arm64.Deploy.0 = Release|arm64
		{20CE4C09-69CC-473F-8B59-48B76AC78CA8}.Release|x64.ActiveCfg = Release|x64
		{20CE4C09-69CC-473F-8B59-48B76AC78CA8}.Release|x64.Build.0 = Release|x64
		{20CE4C09-69CC-473F-8B59-48B76AC78CA8}.Release|x64.Deploy.0 = Release|x64
		{20CE4C09-69CC-473F-8B59-48B76AC78CA8}.Release|x86.ActiveCfg = Release|x86
		{20CE4C09-69CC-473F-8B59-48B76AC78CA8}.Release|x86.Build.0 = Release|x86
		{20CE4C09-69CC-473F-8B59-48B76AC78CA8}.Release|x86.Deploy.0 = Release|x86
		{739260A2-39B2-40B3-BF4A-6CC567E989EB}.Debug|Any CPU.ActiveCfg = Debug|x86
		{739260A2-39B2-40B3-BF4A-6CC567E989EB}.Debug|Any CPU.Build.0 = Debug|x86
		{739260A2-39B2-40B3-BF4A-6CC567E989EB}.Debug|arm64.ActiveCfg = Debug|arm64
		{739260A2-39B2-40B3-BF4A-6CC567E989EB}.Debug|arm64.Build.0 = Debug|arm64
		{739260A2-39B2-40B3-BF4A-6CC567E989EB}.Debug|x64.ActiveCfg = Debug|x64
		{739260A2-39B2-40B3-BF4A-6CC567E989EB}.Debug|x64.Build.0 = Debug|x64
		{739260A2-39B2-40B3-BF4A-6CC567E989EB}.Debug|x86.ActiveCfg = Debug|x86
		{739260A2-39B2-40B3-BF4A-6CC567E989EB}.Debug|x86.Build.0 = Debug|x86
		{739260A2-39B2-40B3-BF4A-6CC567E989EB}.Experimental|Any CPU.ActiveCfg = Experimental|x86
		{739260A2-39B2-40B3-BF4A-6CC567E989EB}.Experimental|Any CPU.Build.0 = Experimental|x86
		{739260A2-39B2-40B3-BF4A-6CC567E989EB}.Experimental|arm64.ActiveCfg = Experimental|arm64
		{739260A2-39B2-40B3-BF4A-6CC567E989EB}.Experimental|arm64.Build.0 = Experimental|arm64
		{739260A2-39B2-40B3-BF4A-6CC567E989EB}.Experimental|x64.ActiveCfg = Experimental|x64
		{739260A2-39B2-40B3-BF4A-6CC567E989EB}.Experimental|x64.Build.0 = Experimental|x64
		{739260A2-39B2-40B3-BF4A-6CC567E989EB}.Experimental|x86.ActiveCfg = Experimental|x86
		{739260A2-39B2-40B3-BF4A-6CC567E989EB}.Experimental|x86.Build.0 = Experimental|x86
		{739260A2-39B2-40B3-BF4A-6CC567E989EB}.Release|Any CPU.ActiveCfg = Release|x86
		{739260A2-39B2-40B3-BF4A-6CC567E989EB}.Release|arm64.ActiveCfg = Release|arm64
		{739260A2-39B2-40B3-BF4A-6CC567E989EB}.Release|arm64.Build.0 = Release|arm64
		{739260A2-39B2-40B3-BF4A-6CC567E989EB}.Release|x64.ActiveCfg = Release|x64
		{739260A2-39B2-40B3-BF4A-6CC567E989EB}.Release|x64.Build.0 = Release|x64
		{739260A2-39B2-40B3-BF4A-6CC567E989EB}.Release|x86.ActiveCfg = Release|x86
		{739260A2-39B2-40B3-BF4A-6CC567E989EB}.Release|x86.Build.0 = Release|x86
		{16174DCA-27F9-4597-BBF2-2C3A00CA3883}.Debug|Any CPU.ActiveCfg = Debug|Any CPU
		{16174DCA-27F9-4597-BBF2-2C3A00CA3883}.Debug|Any CPU.Build.0 = Debug|Any CPU
		{16174DCA-27F9-4597-BBF2-2C3A00CA3883}.Debug|arm64.ActiveCfg = Debug|Any CPU
		{16174DCA-27F9-4597-BBF2-2C3A00CA3883}.Debug|arm64.Build.0 = Debug|Any CPU
		{16174DCA-27F9-4597-BBF2-2C3A00CA3883}.Debug|x64.ActiveCfg = Debug|Any CPU
		{16174DCA-27F9-4597-BBF2-2C3A00CA3883}.Debug|x64.Build.0 = Debug|Any CPU
		{16174DCA-27F9-4597-BBF2-2C3A00CA3883}.Debug|x86.ActiveCfg = Debug|Any CPU
		{16174DCA-27F9-4597-BBF2-2C3A00CA3883}.Debug|x86.Build.0 = Debug|Any CPU
		{16174DCA-27F9-4597-BBF2-2C3A00CA3883}.Experimental|Any CPU.ActiveCfg = Debug|Any CPU
		{16174DCA-27F9-4597-BBF2-2C3A00CA3883}.Experimental|Any CPU.Build.0 = Debug|Any CPU
		{16174DCA-27F9-4597-BBF2-2C3A00CA3883}.Experimental|arm64.ActiveCfg = Debug|Any CPU
		{16174DCA-27F9-4597-BBF2-2C3A00CA3883}.Experimental|arm64.Build.0 = Debug|Any CPU
		{16174DCA-27F9-4597-BBF2-2C3A00CA3883}.Experimental|x64.ActiveCfg = Debug|Any CPU
		{16174DCA-27F9-4597-BBF2-2C3A00CA3883}.Experimental|x64.Build.0 = Debug|Any CPU
		{16174DCA-27F9-4597-BBF2-2C3A00CA3883}.Experimental|x86.ActiveCfg = Debug|Any CPU
		{16174DCA-27F9-4597-BBF2-2C3A00CA3883}.Experimental|x86.Build.0 = Debug|Any CPU
		{16174DCA-27F9-4597-BBF2-2C3A00CA3883}.Release|Any CPU.ActiveCfg = Release|Any CPU
		{16174DCA-27F9-4597-BBF2-2C3A00CA3883}.Release|Any CPU.Build.0 = Release|Any CPU
		{16174DCA-27F9-4597-BBF2-2C3A00CA3883}.Release|arm64.ActiveCfg = Release|Any CPU
		{16174DCA-27F9-4597-BBF2-2C3A00CA3883}.Release|arm64.Build.0 = Release|Any CPU
		{16174DCA-27F9-4597-BBF2-2C3A00CA3883}.Release|x64.ActiveCfg = Release|Any CPU
		{16174DCA-27F9-4597-BBF2-2C3A00CA3883}.Release|x64.Build.0 = Release|Any CPU
		{16174DCA-27F9-4597-BBF2-2C3A00CA3883}.Release|x86.ActiveCfg = Release|Any CPU
		{16174DCA-27F9-4597-BBF2-2C3A00CA3883}.Release|x86.Build.0 = Release|Any CPU
		{70716FB1-47DB-4F8E-84D5-58D76A66E73D}.Debug|Any CPU.ActiveCfg = Debug|Any CPU
		{70716FB1-47DB-4F8E-84D5-58D76A66E73D}.Debug|Any CPU.Build.0 = Debug|Any CPU
		{70716FB1-47DB-4F8E-84D5-58D76A66E73D}.Debug|arm64.ActiveCfg = Debug|Any CPU
		{70716FB1-47DB-4F8E-84D5-58D76A66E73D}.Debug|arm64.Build.0 = Debug|Any CPU
		{70716FB1-47DB-4F8E-84D5-58D76A66E73D}.Debug|x64.ActiveCfg = Debug|Any CPU
		{70716FB1-47DB-4F8E-84D5-58D76A66E73D}.Debug|x64.Build.0 = Debug|Any CPU
		{70716FB1-47DB-4F8E-84D5-58D76A66E73D}.Debug|x86.ActiveCfg = Debug|Any CPU
		{70716FB1-47DB-4F8E-84D5-58D76A66E73D}.Debug|x86.Build.0 = Debug|Any CPU
		{70716FB1-47DB-4F8E-84D5-58D76A66E73D}.Experimental|Any CPU.ActiveCfg = Debug|Any CPU
		{70716FB1-47DB-4F8E-84D5-58D76A66E73D}.Experimental|Any CPU.Build.0 = Debug|Any CPU
		{70716FB1-47DB-4F8E-84D5-58D76A66E73D}.Experimental|arm64.ActiveCfg = Debug|Any CPU
		{70716FB1-47DB-4F8E-84D5-58D76A66E73D}.Experimental|arm64.Build.0 = Debug|Any CPU
		{70716FB1-47DB-4F8E-84D5-58D76A66E73D}.Experimental|x64.ActiveCfg = Debug|Any CPU
		{70716FB1-47DB-4F8E-84D5-58D76A66E73D}.Experimental|x64.Build.0 = Debug|Any CPU
		{70716FB1-47DB-4F8E-84D5-58D76A66E73D}.Experimental|x86.ActiveCfg = Debug|Any CPU
		{70716FB1-47DB-4F8E-84D5-58D76A66E73D}.Experimental|x86.Build.0 = Debug|Any CPU
		{70716FB1-47DB-4F8E-84D5-58D76A66E73D}.Release|Any CPU.ActiveCfg = Release|Any CPU
		{70716FB1-47DB-4F8E-84D5-58D76A66E73D}.Release|Any CPU.Build.0 = Release|Any CPU
		{70716FB1-47DB-4F8E-84D5-58D76A66E73D}.Release|arm64.ActiveCfg = Release|Any CPU
		{70716FB1-47DB-4F8E-84D5-58D76A66E73D}.Release|arm64.Build.0 = Release|Any CPU
		{70716FB1-47DB-4F8E-84D5-58D76A66E73D}.Release|x64.ActiveCfg = Release|Any CPU
		{70716FB1-47DB-4F8E-84D5-58D76A66E73D}.Release|x64.Build.0 = Release|Any CPU
		{70716FB1-47DB-4F8E-84D5-58D76A66E73D}.Release|x86.ActiveCfg = Release|Any CPU
		{70716FB1-47DB-4F8E-84D5-58D76A66E73D}.Release|x86.Build.0 = Release|Any CPU
		{B18BB08C-767A-497D-BC2F-8106A5CCCA0D}.Debug|Any CPU.ActiveCfg = Debug|Any CPU
		{B18BB08C-767A-497D-BC2F-8106A5CCCA0D}.Debug|Any CPU.Build.0 = Debug|Any CPU
		{B18BB08C-767A-497D-BC2F-8106A5CCCA0D}.Debug|arm64.ActiveCfg = Debug|Any CPU
		{B18BB08C-767A-497D-BC2F-8106A5CCCA0D}.Debug|arm64.Build.0 = Debug|Any CPU
		{B18BB08C-767A-497D-BC2F-8106A5CCCA0D}.Debug|x64.ActiveCfg = Debug|Any CPU
		{B18BB08C-767A-497D-BC2F-8106A5CCCA0D}.Debug|x64.Build.0 = Debug|Any CPU
		{B18BB08C-767A-497D-BC2F-8106A5CCCA0D}.Debug|x86.ActiveCfg = Debug|Any CPU
		{B18BB08C-767A-497D-BC2F-8106A5CCCA0D}.Debug|x86.Build.0 = Debug|Any CPU
		{B18BB08C-767A-497D-BC2F-8106A5CCCA0D}.Experimental|Any CPU.ActiveCfg = Debug|Any CPU
		{B18BB08C-767A-497D-BC2F-8106A5CCCA0D}.Experimental|Any CPU.Build.0 = Debug|Any CPU
		{B18BB08C-767A-497D-BC2F-8106A5CCCA0D}.Experimental|arm64.ActiveCfg = Debug|Any CPU
		{B18BB08C-767A-497D-BC2F-8106A5CCCA0D}.Experimental|arm64.Build.0 = Debug|Any CPU
		{B18BB08C-767A-497D-BC2F-8106A5CCCA0D}.Experimental|x64.ActiveCfg = Debug|Any CPU
		{B18BB08C-767A-497D-BC2F-8106A5CCCA0D}.Experimental|x64.Build.0 = Debug|Any CPU
		{B18BB08C-767A-497D-BC2F-8106A5CCCA0D}.Experimental|x86.ActiveCfg = Debug|Any CPU
		{B18BB08C-767A-497D-BC2F-8106A5CCCA0D}.Experimental|x86.Build.0 = Debug|Any CPU
		{B18BB08C-767A-497D-BC2F-8106A5CCCA0D}.Release|Any CPU.ActiveCfg = Release|Any CPU
		{B18BB08C-767A-497D-BC2F-8106A5CCCA0D}.Release|Any CPU.Build.0 = Release|Any CPU
		{B18BB08C-767A-497D-BC2F-8106A5CCCA0D}.Release|arm64.ActiveCfg = Release|Any CPU
		{B18BB08C-767A-497D-BC2F-8106A5CCCA0D}.Release|arm64.Build.0 = Release|Any CPU
		{B18BB08C-767A-497D-BC2F-8106A5CCCA0D}.Release|x64.ActiveCfg = Release|Any CPU
		{B18BB08C-767A-497D-BC2F-8106A5CCCA0D}.Release|x64.Build.0 = Release|Any CPU
		{B18BB08C-767A-497D-BC2F-8106A5CCCA0D}.Release|x86.ActiveCfg = Release|Any CPU
		{B18BB08C-767A-497D-BC2F-8106A5CCCA0D}.Release|x86.Build.0 = Release|Any CPU
		{3645FF3A-18F8-4256-8754-72C35CBBB33E}.Debug|Any CPU.ActiveCfg = Debug|x64
		{3645FF3A-18F8-4256-8754-72C35CBBB33E}.Debug|Any CPU.Build.0 = Debug|x64
		{3645FF3A-18F8-4256-8754-72C35CBBB33E}.Debug|Any CPU.Deploy.0 = Debug|x64
		{3645FF3A-18F8-4256-8754-72C35CBBB33E}.Debug|arm64.ActiveCfg = Debug|arm64
		{3645FF3A-18F8-4256-8754-72C35CBBB33E}.Debug|arm64.Build.0 = Debug|arm64
		{3645FF3A-18F8-4256-8754-72C35CBBB33E}.Debug|arm64.Deploy.0 = Debug|arm64
		{3645FF3A-18F8-4256-8754-72C35CBBB33E}.Debug|x64.ActiveCfg = Debug|x64
		{3645FF3A-18F8-4256-8754-72C35CBBB33E}.Debug|x64.Build.0 = Debug|x64
		{3645FF3A-18F8-4256-8754-72C35CBBB33E}.Debug|x64.Deploy.0 = Debug|x64
		{3645FF3A-18F8-4256-8754-72C35CBBB33E}.Debug|x86.ActiveCfg = Debug|x86
		{3645FF3A-18F8-4256-8754-72C35CBBB33E}.Debug|x86.Build.0 = Debug|x86
		{3645FF3A-18F8-4256-8754-72C35CBBB33E}.Debug|x86.Deploy.0 = Debug|x86
		{3645FF3A-18F8-4256-8754-72C35CBBB33E}.Experimental|Any CPU.ActiveCfg = Debug|x86
		{3645FF3A-18F8-4256-8754-72C35CBBB33E}.Experimental|Any CPU.Build.0 = Debug|x86
		{3645FF3A-18F8-4256-8754-72C35CBBB33E}.Experimental|Any CPU.Deploy.0 = Debug|x86
		{3645FF3A-18F8-4256-8754-72C35CBBB33E}.Experimental|arm64.ActiveCfg = Debug|arm64
		{3645FF3A-18F8-4256-8754-72C35CBBB33E}.Experimental|arm64.Build.0 = Debug|arm64
		{3645FF3A-18F8-4256-8754-72C35CBBB33E}.Experimental|arm64.Deploy.0 = Debug|arm64
		{3645FF3A-18F8-4256-8754-72C35CBBB33E}.Experimental|x64.ActiveCfg = Debug|x64
		{3645FF3A-18F8-4256-8754-72C35CBBB33E}.Experimental|x64.Build.0 = Debug|x64
		{3645FF3A-18F8-4256-8754-72C35CBBB33E}.Experimental|x64.Deploy.0 = Debug|x64
		{3645FF3A-18F8-4256-8754-72C35CBBB33E}.Experimental|x86.ActiveCfg = Debug|x86
		{3645FF3A-18F8-4256-8754-72C35CBBB33E}.Experimental|x86.Build.0 = Debug|x86
		{3645FF3A-18F8-4256-8754-72C35CBBB33E}.Experimental|x86.Deploy.0 = Debug|x86
		{3645FF3A-18F8-4256-8754-72C35CBBB33E}.Release|Any CPU.ActiveCfg = Release|x64
		{3645FF3A-18F8-4256-8754-72C35CBBB33E}.Release|Any CPU.Build.0 = Release|x64
		{3645FF3A-18F8-4256-8754-72C35CBBB33E}.Release|Any CPU.Deploy.0 = Release|x64
		{3645FF3A-18F8-4256-8754-72C35CBBB33E}.Release|arm64.ActiveCfg = Release|arm64
		{3645FF3A-18F8-4256-8754-72C35CBBB33E}.Release|arm64.Build.0 = Release|arm64
		{3645FF3A-18F8-4256-8754-72C35CBBB33E}.Release|arm64.Deploy.0 = Release|arm64
		{3645FF3A-18F8-4256-8754-72C35CBBB33E}.Release|x64.ActiveCfg = Release|x64
		{3645FF3A-18F8-4256-8754-72C35CBBB33E}.Release|x64.Build.0 = Release|x64
		{3645FF3A-18F8-4256-8754-72C35CBBB33E}.Release|x64.Deploy.0 = Release|x64
		{3645FF3A-18F8-4256-8754-72C35CBBB33E}.Release|x86.ActiveCfg = Release|x86
		{3645FF3A-18F8-4256-8754-72C35CBBB33E}.Release|x86.Build.0 = Release|x86
		{3645FF3A-18F8-4256-8754-72C35CBBB33E}.Release|x86.Deploy.0 = Release|x86
	EndGlobalSection
	GlobalSection(SolutionProperties) = preSolution
		HideSolutionNode = FALSE
	EndGlobalSection
	GlobalSection(NestedProjects) = preSolution
		{20CE4C09-69CC-473F-8B59-48B76AC78CA8} = {D1DA471E-DDC4-4E38-90DE-176962DC066C}
		{739260A2-39B2-40B3-BF4A-6CC567E989EB} = {D1DA471E-DDC4-4E38-90DE-176962DC066C}
		{E9F2F0EE-52E6-4B83-8CAE-3984627CC6ED} = {0D392A26-AB51-40A9-9318-2B2EC0927EC2}
		{16174DCA-27F9-4597-BBF2-2C3A00CA3883} = {0D392A26-AB51-40A9-9318-2B2EC0927EC2}
		{70716FB1-47DB-4F8E-84D5-58D76A66E73D} = {E9F2F0EE-52E6-4B83-8CAE-3984627CC6ED}
		{B18BB08C-767A-497D-BC2F-8106A5CCCA0D} = {E9F2F0EE-52E6-4B83-8CAE-3984627CC6ED}
		{3645FF3A-18F8-4256-8754-72C35CBBB33E} = {B0FA3586-7119-4106-A18C-79144EC494EB}
	EndGlobalSection
	GlobalSection(ExtensibilityGlobals) = postSolution
		SolutionGuid = {C9C19842-C961-4102-B010-686DFA11972C}
	EndGlobalSection
EndGlobal
